
Microsoft Visual Studio Solution File, Format Version 12.00
# Visual Studio 15
VisualStudioVersion = 15.0.28010.2048
MinimumVisualStudioVersion = 10.0.40219.1
Project("{FAE04EC0-301F-11D3-BF4B-00C04F79EFBC}") = "Vindicate", "Vindicate\Vindicate.csproj", "{16C73545-5B03-48E4-8A47-489FED2D84DD}"
EndProject
Global
	GlobalSection(SolutionConfigurationPlatforms) = preSolution
		Debug|Any CPU = Debug|Any CPU
		Release|Any CPU = Release|Any CPU
	EndGlobalSection
	GlobalSection(ProjectConfigurationPlatforms) = postSolution
		{16C73545-5B03-48E4-8A47-489FED2D84DD}.Debug|Any CPU.ActiveCfg = Debug|Any CPU
		{16C73545-5B03-48E4-8A47-489FED2D84DD}.Debug|Any CPU.Build.0 = Debug|Any CPU
		{16C73545-5B03-48E4-8A47-489FED2D84DD}.Release|Any CPU.ActiveCfg = Release|Any CPU
		{16C73545-5B03-48E4-8A47-489FED2D84DD}.Release|Any CPU.Build.0 = Release|Any CPU
	EndGlobalSection
	GlobalSection(SolutionProperties) = preSolution
		HideSolutionNode = FALSE
	EndGlobalSection
	GlobalSection(ExtensibilityGlobals) = postSolution
		SolutionGuid = {79F5D53C-8ED4-43BF-8A2B-91081E1EEA91}
	EndGlobalSection
EndGlobal
